// !$*UTF8*$!
{
	archiveVersion = 1;
	classes = {
	};
	objectVersion = 46;
	objects = {

/* Begin PBXBuildFile section */
		F5FDB7281F27C01200D90229 /* Main.storyboard in Resources */ = {isa = PBXBuildFile; fileRef = F5FDB7261F27C01200D90229 /* Main.storyboard */; };
		F5FDB72A1F27C01200D90229 /* Assets.xcassets in Resources */ = {isa = PBXBuildFile; fileRef = F5FDB7291F27C01200D90229 /* Assets.xcassets */; };
		F5FDB72D1F27C01200D90229 /* LaunchScreen.storyboard in Resources */ = {isa = PBXBuildFile; fileRef = F5FDB72B1F27C01200D90229 /* LaunchScreen.storyboard */; };
		F5FDB7391F27C05500D90229 /* AppDelegate.swift in Sources */ = {isa = PBXBuildFile; fileRef = F5FDB7351F27C05500D90229 /* AppDelegate.swift */; };
		F5FDB73A1F27C05500D90229 /* HomeVC.swift in Sources */ = {isa = PBXBuildFile; fileRef = F5FDB7371F27C05500D90229 /* HomeVC.swift */; };
		F5FDB73C1F27C07300D90229 /* PopupVC.swift in Sources */ = {isa = PBXBuildFile; fileRef = F5FDB73B1F27C07300D90229 /* PopupVC.swift */; };
/* End PBXBuildFile section */

/* Begin PBXFileReference section */
		F5FDB71F1F27C01200D90229 /* Popup.app */ = {isa = PBXFileReference; explicitFileType = wrapper.application; includeInIndex = 0; path = Popup.app; sourceTree = BUILT_PRODUCTS_DIR; };
		F5FDB7271F27C01200D90229 /* Base */ = {isa = PBXFileReference; lastKnownFileType = file.storyboard; name = Base; path = Base.lproj/Main.storyboard; sourceTree = "<group>"; };
		F5FDB7291F27C01200D90229 /* Assets.xcassets */ = {isa = PBXFileReference; lastKnownFileType = folder.assetcatalog; path = Assets.xcassets; sourceTree = "<group>"; };
		F5FDB72C1F27C01200D90229 /* Base */ = {isa = PBXFileReference; lastKnownFileType = file.storyboard; name = Base; path = Base.lproj/LaunchScreen.storyboard; sourceTree = "<group>"; };
		F5FDB72E1F27C01200D90229 /* Info.plist */ = {isa = PBXFileReference; lastKnownFileType = text.plist.xml; path = Info.plist; sourceTree = "<group>"; };
		F5FDB7351F27C05500D90229 /* AppDelegate.swift */ = {isa = PBXFileReference; fileEncoding = 4; lastKnownFileType = sourcecode.swift; path = AppDelegate.swift; sourceTree = "<group>"; };
		F5FDB7371F27C05500D90229 /* HomeVC.swift */ = {isa = PBXFileReference; fileEncoding = 4; lastKnownFileType = sourcecode.swift; path = HomeVC.swift; sourceTree = "<group>"; };
		F5FDB73B1F27C07300D90229 /* PopupVC.swift */ = {isa = PBXFileReference; fileEncoding = 4; lastKnownFileType = sourcecode.swift; path = PopupVC.swift; sourceTree = "<group>"; };
/* End PBXFileReference section */

/* Begin PBXFrameworksBuildPhase section */
		F5FDB71C1F27C01100D90229 /* Frameworks */ = {
			isa = PBXFrameworksBuildPhase;
			buildActionMask = 2147483647;
			files = (
			);
			runOnlyForDeploymentPostprocessing = 0;
		};
/* End PBXFrameworksBuildPhase section */

/* Begin PBXGroup section */
		F5FDB7161F27C01000D90229 = {
			isa = PBXGroup;
			children = (
				F5FDB7211F27C01200D90229 /* Popup */,
				F5FDB7201F27C01200D90229 /* Products */,
			);
			sourceTree = "<group>";
		};
		F5FDB7201F27C01200D90229 /* Products */ = {
			isa = PBXGroup;
			children = (
				F5FDB71F1F27C01200D90229 /* Popup.app */,
			);
			name = Products;
			sourceTree = "<group>";
		};
		F5FDB7211F27C01200D90229 /* Popup */ = {
			isa = PBXGroup;
			children = (
				F5FDB7341F27C05500D90229 /* Controller */,
				F5FDB7261F27C01200D90229 /* Main.storyboard */,
				F5FDB7291F27C01200D90229 /* Assets.xcassets */,
				F5FDB72B1F27C01200D90229 /* LaunchScreen.storyboard */,
				F5FDB72E1F27C01200D90229 /* Info.plist */,
			);
			path = Popup;
			sourceTree = "<group>";
		};
		F5FDB7341F27C05500D90229 /* Controller */ = {
			isa = PBXGroup;
			children = (
				F5FDB7351F27C05500D90229 /* AppDelegate.swift */,
				F5FDB7361F27C05500D90229 /* HomeVC */,
				F5FDB7381F27C05500D90229 /* PopupVC */,
			);
			path = Controller;
			sourceTree = "<group>";
		};
		F5FDB7361F27C05500D90229 /* HomeVC */ = {
			isa = PBXGroup;
			children = (
				F5FDB7371F27C05500D90229 /* HomeVC.swift */,
			);
			path = HomeVC;
			sourceTree = "<group>";
		};
		F5FDB7381F27C05500D90229 /* PopupVC */ = {
			isa = PBXGroup;
			children = (
				F5FDB73B1F27C07300D90229 /* PopupVC.swift */,
			);
			path = PopupVC;
			sourceTree = "<group>";
		};
/* End PBXGroup section */

/* Begin PBXNativeTarget section */
		F5FDB71E1F27C01100D90229 /* Popup */ = {
			isa = PBXNativeTarget;
			buildConfigurationList = F5FDB7311F27C01200D90229 /* Build configuration list for PBXNativeTarget "Popup" */;
			buildPhases = (
				F5FDB71B1F27C01100D90229 /* Sources */,
				F5FDB71C1F27C01100D90229 /* Frameworks */,
				F5FDB71D1F27C01100D90229 /* Resources */,
			);
			buildRules = (
			);
			dependencies = (
			);
			name = Popup;
			productName = Popup;
			productReference = F5FDB71F1F27C01200D90229 /* Popup.app */;
			productType = "com.apple.product-type.application";
		};
/* End PBXNativeTarget section */

/* Begin PBXProject section */
		F5FDB7171F27C01000D90229 /* Project object */ = {
			isa = PBXProject;
			attributes = {
				LastSwiftUpdateCheck = 0810;
				LastUpgradeCheck = 0810;
				ORGANIZATIONNAME = "Ketan Patel";
				TargetAttributes = {
					F5FDB71E1F27C01100D90229 = {
						CreatedOnToolsVersion = 8.1;
						DevelopmentTeam = 9VKE6WT65F;
						ProvisioningStyle = Automatic;
					};
				};
			};
			buildConfigurationList = F5FDB71A1F27C01000D90229 /* Build configuration list for PBXProject "Popup" */;
			compatibilityVersion = "Xcode 3.2";
			developmentRegion = English;
			hasScannedForEncodings = 0;
			knownRegions = (
				en,
				Base,
			);
			mainGroup = F5FDB7161F27C01000D90229;
			productRefGroup = F5FDB7201F27C01200D90229 /* Products */;
			projectDirPath = "";
			projectRoot = "";
			targets = (
				F5FDB71E1F27C01100D90229 /* Popup */,
			);
		};
/* End PBXProject section */

/* Begin PBXResourcesBuildPhase section */
		F5FDB71D1F27C01100D90229 /* Resources */ = {
			isa = PBXResourcesBuildPhase;
			buildActionMask = 2147483647;
			files = (
				F5FDB72D1F27C01200D90229 /* LaunchScreen.storyboard in Resources */,
				F5FDB72A1F27C01200D90229 /* Assets.xcassets in Resources */,
				F5FDB7281F27C01200D90229 /* Main.storyboard in Resources */,
			);
			runOnlyForDeploymentPostprocessing = 0;
		};
/* End PBXResourcesBuildPhase section */

/* Begin PBXSourcesBuildPhase section */
		F5FDB71B1F27C01100D90229 /* Sources */ = {
			isa = PBXSourcesBuildPhase;
			buildActionMask = 2147483647;
			files = (
				F5FDB73C1F27C07300D90229 /* PopupVC.swift in Sources */,
				F5FDB7391F27C05500D90229 /* AppDelegate.swift in Sources */,
				F5FDB73A1F27C05500D90229 /* HomeVC.swift in Sources */,
			);
			runOnlyForDeploymentPostprocessing = 0;
		};
/* End PBXSourcesBuildPhase section */

/* Begin PBXVariantGroup section */
		F5FDB7261F27C01200D90229 /* Main.storyboard */ = {
			isa = PBXVariantGroup;
			children = (
				F5FDB7271F27C01200D90229 /* Base */,
			);
			name = Main.storyboard;
			sourceTree = "<group>";
		};
		F5FDB72B1F27C01200D90229 /* LaunchScreen.storyboard */ = {
			isa = PBXVariantGroup;
			children = (
				F5FDB72C1F27C01200D90229 /* Base */,
			);
			name = LaunchScreen.storyboard;
			sourceTree = "<group>";
		};
/* End PBXVariantGroup section */

/* Begin XCBuildConfiguration section */
		F5FDB72F1F27C01200D90229 /* Debug */ = {
			isa = XCBuildConfiguration;
			buildSettings = {
				ALWAYS_SEARCH_USER_PATHS = NO;
				CLANG_ANALYZER_NONNULL = YES;
				CLANG_CXX_LANGUAGE_STANDARD = "gnu++0x";
				CLANG_CXX_LIBRARY = "libc++";
				CLANG_ENABLE_MODULES = YES;
				CLANG_ENABLE_OBJC_ARC = YES;
				CLANG_WARN_BOOL_CONVERSION = YES;
				CLANG_WARN_CONSTANT_CONVERSION = YES;
				CLANG_WARN_DIRECT_OBJC_ISA_USAGE = YES_ERROR;
				CLANG_WARN_DOCUMENTATION_COMMENTS = YES;
				CLANG_WARN_EMPTY_BODY = YES;
				CLANG_WARN_ENUM_CONVERSION = YES;
				CLANG_WARN_INFINITE_RECURSION = YES;
				CLANG_WARN_INT_CONVERSION = YES;
				CLANG_WARN_OBJC_ROOT_CLASS = YES_ERROR;
				CLANG_WARN_SUSPICIOUS_MOVES = YES;
				CLANG_WARN_UNREACHABLE_CODE = YES;
				CLANG_WARN__DUPLICATE_METHOD_MATCH = YES;
				"CODE_SIGN_IDENTITY[sdk=iphoneos*]" = "iPhone Developer";
				COPY_PHASE_STRIP = NO;
				DEBUG_INFORMATION_FORMAT = dwarf;
				ENABLE_STRICT_OBJC_MSGSEND = YES;
				ENABLE_TESTABILITY = YES;
				GCC_C_LANGUAGE_STANDARD = gnu99;
				GCC_DYNAMIC_NO_PIC = NO;
				GCC_NO_COMMON_BLOCKS = YES;
				GCC_OPTIMIZATION_LEVEL = 0;
				GCC_PREPROCESSOR_DEFINITIONS = (
					"DEBUG=1",
					"$(inherited)",
				);
				GCC_WARN_64_TO_32_BIT_CONVERSION = YES;
				GCC_WARN_ABOUT_RETURN_TYPE = YES_ERROR;
				GCC_WARN_UNDECLARED_SELECTOR = YES;
				GCC_WARN_UNINITIALIZED_AUTOS = YES_AGGRESSIVE;
				GCC_WARN_UNUSED_FUNCTION = YES;
				GCC_WARN_UNUSED_VARIABLE = YES;
				IPHONEOS_DEPLOYMENT_TARGET = 9.0;
				MTL_ENABLE_DEBUG_INFO = YES;
				ONLY_ACTIVE_ARCH = YES;
				SDKROOT = iphoneos;
				SWIFT_ACTIVE_COMPILATION_CONDITIONS = DEBUG;
				SWIFT_OPTIMIZATION_LEVEL = "-Onone";
			};
			name = Debug;
		};
		F5FDB7301F27C01200D90229 /* Release */ = {
			isa = XCBuildConfiguration;
			buildSettings = {
				ALWAYS_SEARCH_USER_PATHS = NO;
				CLANG_ANALYZER_NONNULL = YES;
				CLANG_CXX_LANGUAGE_STANDARD = "gnu++0x";
				CLANG_CXX_LIBRARY = "libc++";
				CLANG_ENABLE_MODULES = YES;
				CLANG_ENABLE_OBJC_ARC = YES;
				CLANG_WARN_BOOL_CONVERSION = YES;
				CLANG_WARN_CONSTANT_CONVERSION = YES;
				CLANG_WARN_DIRECT_OBJC_ISA_USAGE = YES_ERROR;
				CLANG_WARN_DOCUMENTATION_COMMENTS = YES;
				CLANG_WARN_EMPTY_BODY = YES;
				CLANG_WARN_ENUM_CONVERSION = YES;
				CLANG_WARN_INFINITE_RECURSION = YES;
				CLANG_WARN_INT_CONVERSION = YES;
				CLANG_WARN_OBJC_ROOT_CLASS = YES_ERROR;
				CLANG_WARN_SUSPICIOUS_MOVES = YES;
				CLANG_WARN_UNREACHABLE_CODE = YES;
				CLANG_WARN__DUPLICATE_METHOD_MATCH = YES;
				"CODE_SIGN_IDENTITY[sdk=iphoneos*]" = "iPhone Developer";
				COPY_PHASE_STRIP = NO;
				DEBUG_INFORMATION_FORMAT = "dwarf-with-dsym";
				ENABLE_NS_ASSERTIONS = NO;
				ENABLE_STRICT_OBJC_MSGSEND = YES;
				GCC_C_LANGUAGE_STANDARD = gnu99;
				GCC_NO_COMMON_BLOCKS = YES;
				GCC_WARN_64_TO_32_BIT_CONVERSION = YES;
				GCC_WARN_ABOUT_RETURN_TYPE = YES_ERROR;
				GCC_WARN_UNDECLARED_SELECTOR = YES;
				GCC_WARN_UNINITIALIZED_AUTOS = YES_AGGRESSIVE;
				GCC_WARN_UNUSED_FUNCTION = YES;
				GCC_WARN_UNUSED_VARIABLE = YES;
				IPHONEOS_DEPLOYMENT_TARGET = 9.0;
				MTL_ENABLE_DEBUG_INFO = NO;
				SDKROOT = iphoneos;
				SWIFT_OPTIMIZATION_LEVEL = "-Owholemodule";
				VALIDATE_PRODUCT = YES;
			};
			name = Release;
		};
		F5FDB7321F27C01200D90229 /* Debug */ = {
			isa = XCBuildConfiguration;
			buildSettings = {
				ASSETCATALOG_COMPILER_APPICON_NAME = AppIcon;
				DEVELOPMENT_TEAM = 9VKE6WT65F;
				INFOPLIST_FILE = Popup/Info.plist;
				IPHONEOS_DEPLOYMENT_TARGET = 9.0;
				LD_RUNPATH_SEARCH_PATHS = "$(inherited) @executable_path/Frameworks";
				PRODUCT_BUNDLE_IDENTIFIER = kETANpATEL.Popup;
				PRODUCT_NAME = "$(TARGET_NAME)";
				SWIFT_VERSION = 3.0;
			};
			name = Debug;
		};
		F5FDB7331F27C01200D90229 /* Release */ = {
			isa = XCBuildConfiguration;
			buildSettings = {
				ASSETCATALOG_COMPILER_APPICON_NAME = AppIcon;
				DEVELOPMENT_TEAM = 9VKE6WT65F;
				INFOPLIST_FILE = Popup/Info.plist;
				IPHONEOS_DEPLOYMENT_TARGET = 9.0;
				LD_RUNPATH_SEARCH_PATHS = "$(inherited) @executable_path/Frameworks";
				PRODUCT_BUNDLE_IDENTIFIER = kETANpATEL.Popup;
				PRODUCT_NAME = "$(TARGET_NAME)";
				SWIFT_VERSION = 3.0;
			};
			name = Release;
		};
/* End XCBuildConfiguration section */

/* Begin XCConfigurationList section */
		F5FDB71A1F27C01000D90229 /* Build configuration list for PBXProject "Popup" */ = {
			isa = XCConfigurationList;
			buildConfigurations = (
				F5FDB72F1F27C01200D90229 /* Debug */,
				F5FDB7301F27C01200D90229 /* Release */,
			);
			defaultConfigurationIsVisible = 0;
			defaultConfigurationName = Release;
		};
		F5FDB7311F27C01200D90229 /* Build configuration list for PBXNativeTarget "Popup" */ = {
			isa = XCConfigurationList;
			buildConfigurations = (
				F5FDB7321F27C01200D90229 /* Debug */,
				F5FDB7331F27C01200D90229 /* Release */,
			);
			defaultConfigurationIsVisible = 0;
		};
/* End XCConfigurationList section */
	};
	rootObject = F5FDB7171F27C01000D90229 /* Project object */;
}
